
Microsoft Visual Studio Solution File, Format Version 12.00
# Visual Studio Version 16
VisualStudioVersion = 16.0.32106.194
MinimumVisualStudioVersion = 10.0.40219.1
Project("{FAE04EC0-301F-11D3-BF4B-00C04F79EFBC}") = "purse", "ConsoleApp2\purse.csproj", "{642AA198-B75A-4FAB-8AE6-9D1562C279AE}"
EndProject
Project("{FAE04EC0-301F-11D3-BF4B-00C04F79EFBC}") = "BuisnessCard", "BuisnessCard\BuisnessCard.csproj", "{8544BD79-F6DE-443A-B77A-C06EBDEFCB22}"
EndProject
Global
	GlobalSection(SolutionConfigurationPlatforms) = preSolution
		Debug|Any CPU = Debug|Any CPU
		Release|Any CPU = Release|Any CPU
	EndGlobalSection
	GlobalSection(ProjectConfigurationPlatforms) = postSolution
		{642AA198-B75A-4FAB-8AE6-9D1562C279AE}.Debug|Any CPU.ActiveCfg = Debug|Any CPU
		{642AA198-B75A-4FAB-8AE6-9D1562C279AE}.Debug|Any CPU.Build.0 = Debug|Any CPU
		{642AA198-B75A-4FAB-8AE6-9D1562C279AE}.Release|Any CPU.ActiveCfg = Release|Any CPU
		{642AA198-B75A-4FAB-8AE6-9D1562C279AE}.Release|Any CPU.Build.0 = Release|Any CPU
		{8544BD79-F6DE-443A-B77A-C06EBDEFCB22}.Debug|Any CPU.ActiveCfg = Debug|Any CPU
		{8544BD79-F6DE-443A-B77A-C06EBDEFCB22}.Debug|Any CPU.Build.0 = Debug|Any CPU
		{8544BD79-F6DE-443A-B77A-C06EBDEFCB22}.Release|Any CPU.ActiveCfg = Release|Any CPU
		{8544BD79-F6DE-443A-B77A-C06EBDEFCB22}.Release|Any CPU.Build.0 = Release|Any CPU
	EndGlobalSection
	GlobalSection(SolutionProperties) = preSolution
		HideSolutionNode = FALSE
	EndGlobalSection
	GlobalSection(ExtensibilityGlobals) = postSolution
		SolutionGuid = {B2B451AF-806F-47EC-9E92-BC9458125D9B}
	EndGlobalSection
EndGlobal
